
Microsoft Visual Studio Solution File, Format Version 10.00
# Visual Studio 2008
Project("{8BC9CEB9-8B4A-11D0-8D11-00A0C91BC942}") = "Parse.Unity", "Parse.Unity.dll", "{C9E61CD6-07E0-41EF-8EDD-75C78B203D6F}"
	ProjectSection(MonoDevelopProperties) = preProject
		name = Parse.Unity
		Configurations = $0
		$0.Configuration = $1
		$1.name = Default
		$1.OutputPath = .\
		$1.ctype = ProjectConfiguration
	EndProjectSection
EndProject
Global
	GlobalSection(SolutionConfigurationPlatforms) = preSolution
		Default|Any CPU = Default|Any CPU
	EndGlobalSection
	GlobalSection(ProjectConfigurationPlatforms) = postSolution
		{C9E61CD6-07E0-41EF-8EDD-75C78B203D6F}.Default|Any CPU.ActiveCfg = Default|Any CPU
		{C9E61CD6-07E0-41EF-8EDD-75C78B203D6F}.Default|Any CPU.Build.0 = Default|Any CPU
	EndGlobalSection
	GlobalSection(MonoDevelopProperties) = preSolution
		StartupItem = Parse.Unity.dll
	EndGlobalSection
EndGlobal
